
Microsoft Visual Studio Solution File, Format Version 12.00
# Visual Studio Version 16
VisualStudioVersion = 16.0.30011.22
MinimumVisualStudioVersion = 10.0.40219.1
Project("{8BC9CEB8-8B4A-11D0-8D11-00A0C91BC942}") = "Server", "Server\Server.vcxproj", "{B33B938D-F195-46FE-B732-58CAB4389065}"
EndProject
Project("{8BC9CEB8-8B4A-11D0-8D11-00A0C91BC942}") = "Client", "Client\Client.vcxproj", "{B7E75F38-129E-4E2E-9754-413CE32B96CE}"
EndProject
Global
	GlobalSection(SolutionConfigurationPlatforms) = preSolution
		Debug|x64 = Debug|x64
		Debug|x86 = Debug|x86
		Release|x64 = Release|x64
		Release|x86 = Release|x86
	EndGlobalSection
	GlobalSection(ProjectConfigurationPlatforms) = postSolution
		{B33B938D-F195-46FE-B732-58CAB4389065}.Debug|x64.ActiveCfg = Debug|x64
		{B33B938D-F195-46FE-B732-58CAB4389065}.Debug|x64.Build.0 = Debug|x64
		{B33B938D-F195-46FE-B732-58CAB4389065}.Debug|x86.ActiveCfg = Debug|Win32
		{B33B938D-F195-46FE-B732-58CAB4389065}.Debug|x86.Build.0 = Debug|Win32
		{B33B938D-F195-46FE-B732-58CAB4389065}.Release|x64.ActiveCfg = Release|x64
		{B33B938D-F195-46FE-B732-58CAB4389065}.Release|x64.Build.0 = Release|x64
		{B33B938D-F195-46FE-B732-58CAB4389065}.Release|x86.ActiveCfg = Release|Win32
		{B33B938D-F195-46FE-B732-58CAB4389065}.Release|x86.Build.0 = Release|Win32
		{B7E75F38-129E-4E2E-9754-413CE32B96CE}.Debug|x64.ActiveCfg = Debug|x64
		{B7E75F38-129E-4E2E-9754-413CE32B96CE}.Debug|x64.Build.0 = Debug|x64
		{B7E75F38-129E-4E2E-9754-413CE32B96CE}.Debug|x86.ActiveCfg = Debug|Win32
		{B7E75F38-129E-4E2E-9754-413CE32B96CE}.Debug|x86.Build.0 = Debug|Win32
		{B7E75F38-129E-4E2E-9754-413CE32B96CE}.Release|x64.ActiveCfg = Release|x64
		{B7E75F38-129E-4E2E-9754-413CE32B96CE}.Release|x64.Build.0 = Release|x64
		{B7E75F38-129E-4E2E-9754-413CE32B96CE}.Release|x86.ActiveCfg = Release|Win32
		{B7E75F38-129E-4E2E-9754-413CE32B96CE}.Release|x86.Build.0 = Release|Win32
	EndGlobalSection
	GlobalSection(SolutionProperties) = preSolution
		HideSolutionNode = FALSE
	EndGlobalSection
	GlobalSection(ExtensibilityGlobals) = postSolution
		SolutionGuid = {182926E9-9583-4E95-BF0E-13618E3B3BC3}
	EndGlobalSection
EndGlobal
