
Microsoft Visual Studio Solution File, Format Version 12.00
# Visual Studio Version 16
VisualStudioVersion = 16.0.30011.22
MinimumVisualStudioVersion = 10.0.40219.1
Project("{8BC9CEB8-8B4A-11D0-8D11-00A0C91BC942}") = "Client", "src\Client\Client.vcxproj", "{E2130389-58E9-4661-969A-8B4CA1ED6400}"
	ProjectSection(ProjectDependencies) = postProject
		{0ABFD4E3-F6FE-4CA5-AFBA-3330BFA12D77} = {0ABFD4E3-F6FE-4CA5-AFBA-3330BFA12D77}
	EndProjectSection
EndProject
Project("{8BC9CEB8-8B4A-11D0-8D11-00A0C91BC942}") = "Server", "src\Server\Server.vcxproj", "{E07B9A3B-82FC-4944-9B82-2FB60C8A0CEB}"
	ProjectSection(ProjectDependencies) = postProject
		{0ABFD4E3-F6FE-4CA5-AFBA-3330BFA12D77} = {0ABFD4E3-F6FE-4CA5-AFBA-3330BFA12D77}
	EndProjectSection
EndProject
Project("{8BC9CEB8-8B4A-11D0-8D11-00A0C91BC942}") = "Util", "src\Util\Util.vcxproj", "{0ABFD4E3-F6FE-4CA5-AFBA-3330BFA12D77}"
EndProject
Global
	GlobalSection(SolutionConfigurationPlatforms) = preSolution
		Debug|x64 = Debug|x64
		Debug|x86 = Debug|x86
		Release|x64 = Release|x64
		Release|x86 = Release|x86
	EndGlobalSection
	GlobalSection(ProjectConfigurationPlatforms) = postSolution
		{E2130389-58E9-4661-969A-8B4CA1ED6400}.Debug|x64.ActiveCfg = Debug|x64
		{E2130389-58E9-4661-969A-8B4CA1ED6400}.Debug|x64.Build.0 = Debug|x64
		{E2130389-58E9-4661-969A-8B4CA1ED6400}.Debug|x86.ActiveCfg = Debug|Win32
		{E2130389-58E9-4661-969A-8B4CA1ED6400}.Debug|x86.Build.0 = Debug|Win32
		{E2130389-58E9-4661-969A-8B4CA1ED6400}.Release|x64.ActiveCfg = Release|x64
		{E2130389-58E9-4661-969A-8B4CA1ED6400}.Release|x64.Build.0 = Release|x64
		{E2130389-58E9-4661-969A-8B4CA1ED6400}.Release|x86.ActiveCfg = Release|Win32
		{E2130389-58E9-4661-969A-8B4CA1ED6400}.Release|x86.Build.0 = Release|Win32
		{E07B9A3B-82FC-4944-9B82-2FB60C8A0CEB}.Debug|x64.ActiveCfg = Debug|x64
		{E07B9A3B-82FC-4944-9B82-2FB60C8A0CEB}.Debug|x64.Build.0 = Debug|x64
		{E07B9A3B-82FC-4944-9B82-2FB60C8A0CEB}.Debug|x86.ActiveCfg = Debug|Win32
		{E07B9A3B-82FC-4944-9B82-2FB60C8A0CEB}.Debug|x86.Build.0 = Debug|Win32
		{E07B9A3B-82FC-4944-9B82-2FB60C8A0CEB}.Release|x64.ActiveCfg = Release|x64
		{E07B9A3B-82FC-4944-9B82-2FB60C8A0CEB}.Release|x64.Build.0 = Release|x64
		{E07B9A3B-82FC-4944-9B82-2FB60C8A0CEB}.Release|x86.ActiveCfg = Release|Win32
		{E07B9A3B-82FC-4944-9B82-2FB60C8A0CEB}.Release|x86.Build.0 = Release|Win32
		{0ABFD4E3-F6FE-4CA5-AFBA-3330BFA12D77}.Debug|x64.ActiveCfg = Debug|x64
		{0ABFD4E3-F6FE-4CA5-AFBA-3330BFA12D77}.Debug|x64.Build.0 = Debug|x64
		{0ABFD4E3-F6FE-4CA5-AFBA-3330BFA12D77}.Debug|x86.ActiveCfg = Debug|Win32
		{0ABFD4E3-F6FE-4CA5-AFBA-3330BFA12D77}.Debug|x86.Build.0 = Debug|Win32
		{0ABFD4E3-F6FE-4CA5-AFBA-3330BFA12D77}.Release|x64.ActiveCfg = Release|x64
		{0ABFD4E3-F6FE-4CA5-AFBA-3330BFA12D77}.Release|x64.Build.0 = Release|x64
		{0ABFD4E3-F6FE-4CA5-AFBA-3330BFA12D77}.Release|x86.ActiveCfg = Release|Win32
		{0ABFD4E3-F6FE-4CA5-AFBA-3330BFA12D77}.Release|x86.Build.0 = Release|Win32
	EndGlobalSection
	GlobalSection(SolutionProperties) = preSolution
		HideSolutionNode = FALSE
	EndGlobalSection
	GlobalSection(ExtensibilityGlobals) = postSolution
		SolutionGuid = {182926E9-9583-4E95-BF0E-13618E3B3BC3}
	EndGlobalSection
EndGlobal
